// !$*UTF8*$!
{
	archiveVersion = 1;
	classes = {
	};
	objectVersion = 46;
	objects = {

/* Begin PBXBuildFile section */
		56403B481D866CA800406564 /* AppDelegate.swift in Sources */ = {isa = PBXBuildFile; fileRef = 56403B471D866CA800406564 /* AppDelegate.swift */; };
		56403B4F1D866CA800406564 /* Assets.xcassets in Resources */ = {isa = PBXBuildFile; fileRef = 56403B4E1D866CA800406564 /* Assets.xcassets */; };
		56403B521D866CA800406564 /* LaunchScreen.storyboard in Resources */ = {isa = PBXBuildFile; fileRef = 56403B501D866CA800406564 /* LaunchScreen.storyboard */; };
		56403B5D1D866CA800406564 /* SlideDemoTests.swift in Sources */ = {isa = PBXBuildFile; fileRef = 56403B5C1D866CA800406564 /* SlideDemoTests.swift */; };
		56403B681D866CA800406564 /* SlideDemoUITests.swift in Sources */ = {isa = PBXBuildFile; fileRef = 56403B671D866CA800406564 /* SlideDemoUITests.swift */; };
		56403B821D866D1500406564 /* SlideRootViewController.m in Sources */ = {isa = PBXBuildFile; fileRef = 56403B7C1D866D1500406564 /* SlideRootViewController.m */; };
		56403B831D866D1500406564 /* UIView+Frame.m in Sources */ = {isa = PBXBuildFile; fileRef = 56403B7E1D866D1500406564 /* UIView+Frame.m */; };
		56403B841D866D1500406564 /* SwiftSlideRootViewController.swift in Sources */ = {isa = PBXBuildFile; fileRef = 56403B801D866D1500406564 /* SwiftSlideRootViewController.swift */; };
		56403B851D866D1500406564 /* UIView+Extension.swift in Sources */ = {isa = PBXBuildFile; fileRef = 56403B811D866D1500406564 /* UIView+Extension.swift */; };
		56403B8C1D866D4600406564 /* TestLeftViewController.m in Sources */ = {isa = PBXBuildFile; fileRef = 56403B871D866D4600406564 /* TestLeftViewController.m */; };
		56403B8D1D866D4600406564 /* TestMainViewController.m in Sources */ = {isa = PBXBuildFile; fileRef = 56403B891D866D4600406564 /* TestMainViewController.m */; };
		56403B8E1D866D4600406564 /* SwiftTestLeftViewController.swift in Sources */ = {isa = PBXBuildFile; fileRef = 56403B8A1D866D4600406564 /* SwiftTestLeftViewController.swift */; };
		56403B8F1D866D4600406564 /* SwiftTestMainViewController.swift in Sources */ = {isa = PBXBuildFile; fileRef = 56403B8B1D866D4600406564 /* SwiftTestMainViewController.swift */; };
/* End PBXBuildFile section */

/* Begin PBXContainerItemProxy section */
		56403B591D866CA800406564 /* PBXContainerItemProxy */ = {
			isa = PBXContainerItemProxy;
			containerPortal = 56403B3C1D866CA800406564 /* Project object */;
			proxyType = 1;
			remoteGlobalIDString = 56403B431D866CA800406564;
			remoteInfo = SlideDemo;
		};
		56403B641D866CA800406564 /* PBXContainerItemProxy */ = {
			isa = PBXContainerItemProxy;
			containerPortal = 56403B3C1D866CA800406564 /* Project object */;
			proxyType = 1;
			remoteGlobalIDString = 56403B431D866CA800406564;
			remoteInfo = SlideDemo;
		};
/* End PBXContainerItemProxy section */

/* Begin PBXFileReference section */
		56403B441D866CA800406564 /* SlideDemo.app */ = {isa = PBXFileReference; explicitFileType = wrapper.application; includeInIndex = 0; path = SlideDemo.app; sourceTree = BUILT_PRODUCTS_DIR; };
		56403B471D866CA800406564 /* AppDelegate.swift */ = {isa = PBXFileReference; lastKnownFileType = sourcecode.swift; path = AppDelegate.swift; sourceTree = "<group>"; };
		56403B4E1D866CA800406564 /* Assets.xcassets */ = {isa = PBXFileReference; lastKnownFileType = folder.assetcatalog; path = Assets.xcassets; sourceTree = "<group>"; };
		56403B511D866CA800406564 /* Base */ = {isa = PBXFileReference; lastKnownFileType = file.storyboard; name = Base; path = Base.lproj/LaunchScreen.storyboard; sourceTree = "<group>"; };
		56403B531D866CA800406564 /* Info.plist */ = {isa = PBXFileReference; lastKnownFileType = text.plist.xml; path = Info.plist; sourceTree = "<group>"; };
		56403B581D866CA800406564 /* SlideDemoTests.xctest */ = {isa = PBXFileReference; explicitFileType = wrapper.cfbundle; includeInIndex = 0; path = SlideDemoTests.xctest; sourceTree = BUILT_PRODUCTS_DIR; };
		56403B5C1D866CA800406564 /* SlideDemoTests.swift */ = {isa = PBXFileReference; lastKnownFileType = sourcecode.swift; path = SlideDemoTests.swift; sourceTree = "<group>"; };
		56403B5E1D866CA800406564 /* Info.plist */ = {isa = PBXFileReference; lastKnownFileType = text.plist.xml; path = Info.plist; sourceTree = "<group>"; };
		56403B631D866CA800406564 /* SlideDemoUITests.xctest */ = {isa = PBXFileReference; explicitFileType = wrapper.cfbundle; includeInIndex = 0; path = SlideDemoUITests.xctest; sourceTree = BUILT_PRODUCTS_DIR; };
		56403B671D866CA800406564 /* SlideDemoUITests.swift */ = {isa = PBXFileReference; lastKnownFileType = sourcecode.swift; path = SlideDemoUITests.swift; sourceTree = "<group>"; };
		56403B691D866CA800406564 /* Info.plist */ = {isa = PBXFileReference; lastKnownFileType = text.plist.xml; path = Info.plist; sourceTree = "<group>"; };
		56403B751D866CB500406564 /* SlideDemo-Bridging-Header.h */ = {isa = PBXFileReference; lastKnownFileType = sourcecode.c.h; path = "SlideDemo-Bridging-Header.h"; sourceTree = "<group>"; };
		56403B7B1D866D1500406564 /* SlideRootViewController.h */ = {isa = PBXFileReference; fileEncoding = 4; lastKnownFileType = sourcecode.c.h; path = SlideRootViewController.h; sourceTree = "<group>"; };
		56403B7C1D866D1500406564 /* SlideRootViewController.m */ = {isa = PBXFileReference; fileEncoding = 4; lastKnownFileType = sourcecode.c.objc; path = SlideRootViewController.m; sourceTree = "<group>"; };
		56403B7D1D866D1500406564 /* UIView+Frame.h */ = {isa = PBXFileReference; fileEncoding = 4; lastKnownFileType = sourcecode.c.h; path = "UIView+Frame.h"; sourceTree = "<group>"; };
		56403B7E1D866D1500406564 /* UIView+Frame.m */ = {isa = PBXFileReference; fileEncoding = 4; lastKnownFileType = sourcecode.c.objc; path = "UIView+Frame.m"; sourceTree = "<group>"; };
		56403B801D866D1500406564 /* SwiftSlideRootViewController.swift */ = {isa = PBXFileReference; fileEncoding = 4; lastKnownFileType = sourcecode.swift; path = SwiftSlideRootViewController.swift; sourceTree = "<group>"; };
		56403B811D866D1500406564 /* UIView+Extension.swift */ = {isa = PBXFileReference; fileEncoding = 4; lastKnownFileType = sourcecode.swift; path = "UIView+Extension.swift"; sourceTree = "<group>"; };
		56403B861D866D4600406564 /* TestLeftViewController.h */ = {isa = PBXFileReference; fileEncoding = 4; lastKnownFileType = sourcecode.c.h; path = TestLeftViewController.h; sourceTree = "<group>"; };
		56403B871D866D4600406564 /* TestLeftViewController.m */ = {isa = PBXFileReference; fileEncoding = 4; lastKnownFileType = sourcecode.c.objc; path = TestLeftViewController.m; sourceTree = "<group>"; };
		56403B881D866D4600406564 /* TestMainViewController.h */ = {isa = PBXFileReference; fileEncoding = 4; lastKnownFileType = sourcecode.c.h; path = TestMainViewController.h; sourceTree = "<group>"; };
		56403B891D866D4600406564 /* TestMainViewController.m */ = {isa = PBXFileReference; fileEncoding = 4; lastKnownFileType = sourcecode.c.objc; path = TestMainViewController.m; sourceTree = "<group>"; };
		56403B8A1D866D4600406564 /* SwiftTestLeftViewController.swift */ = {isa = PBXFileReference; fileEncoding = 4; lastKnownFileType = sourcecode.swift; path = SwiftTestLeftViewController.swift; sourceTree = "<group>"; };
		56403B8B1D866D4600406564 /* SwiftTestMainViewController.swift */ = {isa = PBXFileReference; fileEncoding = 4; lastKnownFileType = sourcecode.swift; path = SwiftTestMainViewController.swift; sourceTree = "<group>"; };
/* End PBXFileReference section */

/* Begin PBXFrameworksBuildPhase section */
		56403B411D866CA800406564 /* Frameworks */ = {
			isa = PBXFrameworksBuildPhase;
			buildActionMask = 2147483647;
			files = (
			);
			runOnlyForDeploymentPostprocessing = 0;
		};
		56403B551D866CA800406564 /* Frameworks */ = {
			isa = PBXFrameworksBuildPhase;
			buildActionMask = 2147483647;
			files = (
			);
			runOnlyForDeploymentPostprocessing = 0;
		};
		56403B601D866CA800406564 /* Frameworks */ = {
			isa = PBXFrameworksBuildPhase;
			buildActionMask = 2147483647;
			files = (
			);
			runOnlyForDeploymentPostprocessing = 0;
		};
/* End PBXFrameworksBuildPhase section */

/* Begin PBXGroup section */
		56403B3B1D866CA800406564 = {
			isa = PBXGroup;
			children = (
				56403B461D866CA800406564 /* SlideDemo */,
				56403B5B1D866CA800406564 /* SlideDemoTests */,
				56403B661D866CA800406564 /* SlideDemoUITests */,
				56403B451D866CA800406564 /* Products */,
			);
			sourceTree = "<group>";
		};
		56403B451D866CA800406564 /* Products */ = {
			isa = PBXGroup;
			children = (
				56403B441D866CA800406564 /* SlideDemo.app */,
				56403B581D866CA800406564 /* SlideDemoTests.xctest */,
				56403B631D866CA800406564 /* SlideDemoUITests.xctest */,
			);
			name = Products;
			sourceTree = "<group>";
		};
		56403B461D866CA800406564 /* SlideDemo */ = {
			isa = PBXGroup;
			children = (
				56403B791D866D1500406564 /* Slide */,
				56403B471D866CA800406564 /* AppDelegate.swift */,
				56403B861D866D4600406564 /* TestLeftViewController.h */,
				56403B871D866D4600406564 /* TestLeftViewController.m */,
				56403B881D866D4600406564 /* TestMainViewController.h */,
				56403B891D866D4600406564 /* TestMainViewController.m */,
				56403B8A1D866D4600406564 /* SwiftTestLeftViewController.swift */,
				56403B8B1D866D4600406564 /* SwiftTestMainViewController.swift */,
				56403B4E1D866CA800406564 /* Assets.xcassets */,
				56403B501D866CA800406564 /* LaunchScreen.storyboard */,
				56403B531D866CA800406564 /* Info.plist */,
				56403B751D866CB500406564 /* SlideDemo-Bridging-Header.h */,
			);
			path = SlideDemo;
			sourceTree = "<group>";
		};
		56403B5B1D866CA800406564 /* SlideDemoTests */ = {
			isa = PBXGroup;
			children = (
				56403B5C1D866CA800406564 /* SlideDemoTests.swift */,
				56403B5E1D866CA800406564 /* Info.plist */,
			);
			path = SlideDemoTests;
			sourceTree = "<group>";
		};
		56403B661D866CA800406564 /* SlideDemoUITests */ = {
			isa = PBXGroup;
			children = (
				56403B671D866CA800406564 /* SlideDemoUITests.swift */,
				56403B691D866CA800406564 /* Info.plist */,
			);
			path = SlideDemoUITests;
			sourceTree = "<group>";
		};
		56403B791D866D1500406564 /* Slide */ = {
			isa = PBXGroup;
			children = (
				56403B7A1D866D1500406564 /* OC */,
				56403B7F1D866D1500406564 /* Swift */,
			);
			path = Slide;
			sourceTree = "<group>";
		};
		56403B7A1D866D1500406564 /* OC */ = {
			isa = PBXGroup;
			children = (
				56403B7B1D866D1500406564 /* SlideRootViewController.h */,
				56403B7C1D866D1500406564 /* SlideRootViewController.m */,
				56403B7D1D866D1500406564 /* UIView+Frame.h */,
				56403B7E1D866D1500406564 /* UIView+Frame.m */,
			);
			path = OC;
			sourceTree = "<group>";
		};
		56403B7F1D866D1500406564 /* Swift */ = {
			isa = PBXGroup;
			children = (
				56403B801D866D1500406564 /* SwiftSlideRootViewController.swift */,
				56403B811D866D1500406564 /* UIView+Extension.swift */,
			);
			path = Swift;
			sourceTree = "<group>";
		};
/* End PBXGroup section */

/* Begin PBXNativeTarget section */
		56403B431D866CA800406564 /* SlideDemo */ = {
			isa = PBXNativeTarget;
			buildConfigurationList = 56403B6C1D866CA800406564 /* Build configuration list for PBXNativeTarget "SlideDemo" */;
			buildPhases = (
				56403B401D866CA800406564 /* Sources */,
				56403B411D866CA800406564 /* Frameworks */,
				56403B421D866CA800406564 /* Resources */,
			);
			buildRules = (
			);
			dependencies = (
			);
			name = SlideDemo;
			productName = SlideDemo;
			productReference = 56403B441D866CA800406564 /* SlideDemo.app */;
			productType = "com.apple.product-type.application";
		};
		56403B571D866CA800406564 /* SlideDemoTests */ = {
			isa = PBXNativeTarget;
			buildConfigurationList = 56403B6F1D866CA800406564 /* Build configuration list for PBXNativeTarget "SlideDemoTests" */;
			buildPhases = (
				56403B541D866CA800406564 /* Sources */,
				56403B551D866CA800406564 /* Frameworks */,
				56403B561D866CA800406564 /* Resources */,
			);
			buildRules = (
			);
			dependencies = (
				56403B5A1D866CA800406564 /* PBXTargetDependency */,
			);
			name = SlideDemoTests;
			productName = SlideDemoTests;
			productReference = 56403B581D866CA800406564 /* SlideDemoTests.xctest */;
			productType = "com.apple.product-type.bundle.unit-test";
		};
		56403B621D866CA800406564 /* SlideDemoUITests */ = {
			isa = PBXNativeTarget;
			buildConfigurationList = 56403B721D866CA800406564 /* Build configuration list for PBXNativeTarget "SlideDemoUITests" */;
			buildPhases = (
				56403B5F1D866CA800406564 /* Sources */,
				56403B601D866CA800406564 /* Frameworks */,
				56403B611D866CA800406564 /* Resources */,
			);
			buildRules = (
			);
			dependencies = (
				56403B651D866CA800406564 /* PBXTargetDependency */,
			);
			name = SlideDemoUITests;
			productName = SlideDemoUITests;
			productReference = 56403B631D866CA800406564 /* SlideDemoUITests.xctest */;
			productType = "com.apple.product-type.bundle.ui-testing";
		};
/* End PBXNativeTarget section */

/* Begin PBXProject section */
		56403B3C1D866CA800406564 /* Project object */ = {
			isa = PBXProject;
			attributes = {
				LastSwiftUpdateCheck = 0730;
				LastUpgradeCheck = 0730;
				ORGANIZATIONNAME = Charles;
				TargetAttributes = {
					56403B431D866CA800406564 = {
						CreatedOnToolsVersion = 7.3;
					};
					56403B571D866CA800406564 = {
						CreatedOnToolsVersion = 7.3;
						TestTargetID = 56403B431D866CA800406564;
					};
					56403B621D866CA800406564 = {
						CreatedOnToolsVersion = 7.3;
						TestTargetID = 56403B431D866CA800406564;
					};
				};
			};
			buildConfigurationList = 56403B3F1D866CA800406564 /* Build configuration list for PBXProject "SlideDemo" */;
			compatibilityVersion = "Xcode 3.2";
			developmentRegion = English;
			hasScannedForEncodings = 0;
			knownRegions = (
				en,
				Base,
			);
			mainGroup = 56403B3B1D866CA800406564;
			productRefGroup = 56403B451D866CA800406564 /* Products */;
			projectDirPath = "";
			projectRoot = "";
			targets = (
				56403B431D866CA800406564 /* SlideDemo */,
				56403B571D866CA800406564 /* SlideDemoTests */,
				56403B621D866CA800406564 /* SlideDemoUITests */,
			);
		};
/* End PBXProject section */

/* Begin PBXResourcesBuildPhase section */
		56403B421D866CA800406564 /* Resources */ = {
			isa = PBXResourcesBuildPhase;
			buildActionMask = 2147483647;
			files = (
				56403B521D866CA800406564 /* LaunchScreen.storyboard in Resources */,
				56403B4F1D866CA800406564 /* Assets.xcassets in Resources */,
			);
			runOnlyForDeploymentPostprocessing = 0;
		};
		56403B561D866CA800406564 /* Resources */ = {
			isa = PBXResourcesBuildPhase;
			buildActionMask = 2147483647;
			files = (
			);
			runOnlyForDeploymentPostprocessing = 0;
		};
		56403B611D866CA800406564 /* Resources */ = {
			isa = PBXResourcesBuildPhase;
			buildActionMask = 2147483647;
			files = (
			);
			runOnlyForDeploymentPostprocessing = 0;
		};
/* End PBXResourcesBuildPhase section */

/* Begin PBXSourcesBuildPhase section */
		56403B401D866CA800406564 /* Sources */ = {
			isa = PBXSourcesBuildPhase;
			buildActionMask = 2147483647;
			files = (
				56403B831D866D1500406564 /* UIView+Frame.m in Sources */,
				56403B8E1D866D4600406564 /* SwiftTestLeftViewController.swift in Sources */,
				56403B8F1D866D4600406564 /* SwiftTestMainViewController.swift in Sources */,
				56403B821D866D1500406564 /* SlideRootViewController.m in Sources */,
				56403B841D866D1500406564 /* SwiftSlideRootViewController.swift in Sources */,
				56403B851D866D1500406564 /* UIView+Extension.swift in Sources */,
				56403B481D866CA800406564 /* AppDelegate.swift in Sources */,
				56403B8C1D866D4600406564 /* TestLeftViewController.m in Sources */,
				56403B8D1D866D4600406564 /* TestMainViewController.m in Sources */,
			);
			runOnlyForDeploymentPostprocessing = 0;
		};
		56403B541D866CA800406564 /* Sources */ = {
			isa = PBXSourcesBuildPhase;
			buildActionMask = 2147483647;
			files = (
				56403B5D1D866CA800406564 /* SlideDemoTests.swift in Sources */,
			);
			runOnlyForDeploymentPostprocessing = 0;
		};
		56403B5F1D866CA800406564 /* Sources */ = {
			isa = PBXSourcesBuildPhase;
			buildActionMask = 2147483647;
			files = (
				56403B681D866CA800406564 /* SlideDemoUITests.swift in Sources */,
			);
			runOnlyForDeploymentPostprocessing = 0;
		};
/* End PBXSourcesBuildPhase section */

/* Begin PBXTargetDependency section */
		56403B5A1D866CA800406564 /* PBXTargetDependency */ = {
			isa = PBXTargetDependency;
			target = 56403B431D866CA800406564 /* SlideDemo */;
			targetProxy = 56403B591D866CA800406564 /* PBXContainerItemProxy */;
		};
		56403B651D866CA800406564 /* PBXTargetDependency */ = {
			isa = PBXTargetDependency;
			target = 56403B431D866CA800406564 /* SlideDemo */;
			targetProxy = 56403B641D866CA800406564 /* PBXContainerItemProxy */;
		};
/* End PBXTargetDependency section */

/* Begin PBXVariantGroup section */
		56403B501D866CA800406564 /* LaunchScreen.storyboard */ = {
			isa = PBXVariantGroup;
			children = (
				56403B511D866CA800406564 /* Base */,
			);
			name = LaunchScreen.storyboard;
			sourceTree = "<group>";
		};
/* End PBXVariantGroup section */

/* Begin XCBuildConfiguration section */
		56403B6A1D866CA800406564 /* Debug */ = {
			isa = XCBuildConfiguration;
			buildSettings = {
				ALWAYS_SEARCH_USER_PATHS = NO;
				CLANG_ANALYZER_NONNULL = YES;
				CLANG_CXX_LANGUAGE_STANDARD = "gnu++0x";
				CLANG_CXX_LIBRARY = "libc++";
				CLANG_ENABLE_MODULES = YES;
				CLANG_ENABLE_OBJC_ARC = YES;
				CLANG_WARN_BOOL_CONVERSION = YES;
				CLANG_WARN_CONSTANT_CONVERSION = YES;
				CLANG_WARN_DIRECT_OBJC_ISA_USAGE = YES_ERROR;
				CLANG_WARN_EMPTY_BODY = YES;
				CLANG_WARN_ENUM_CONVERSION = YES;
				CLANG_WARN_INT_CONVERSION = YES;
				CLANG_WARN_OBJC_ROOT_CLASS = YES_ERROR;
				CLANG_WARN_UNREACHABLE_CODE = YES;
				CLANG_WARN__DUPLICATE_METHOD_MATCH = YES;
				"CODE_SIGN_IDENTITY[sdk=iphoneos*]" = "iPhone Developer";
				COPY_PHASE_STRIP = NO;
				DEBUG_INFORMATION_FORMAT = dwarf;
				ENABLE_STRICT_OBJC_MSGSEND = YES;
				ENABLE_TESTABILITY = YES;
				GCC_C_LANGUAGE_STANDARD = gnu99;
				GCC_DYNAMIC_NO_PIC = NO;
				GCC_NO_COMMON_BLOCKS = YES;
				GCC_OPTIMIZATION_LEVEL = 0;
				GCC_PREPROCESSOR_DEFINITIONS = (
					"DEBUG=1",
					"$(inherited)",
				);
				GCC_WARN_64_TO_32_BIT_CONVERSION = YES;
				GCC_WARN_ABOUT_RETURN_TYPE = YES_ERROR;
				GCC_WARN_UNDECLARED_SELECTOR = YES;
				GCC_WARN_UNINITIALIZED_AUTOS = YES_AGGRESSIVE;
				GCC_WARN_UNUSED_FUNCTION = YES;
				GCC_WARN_UNUSED_VARIABLE = YES;
				IPHONEOS_DEPLOYMENT_TARGET = 9.3;
				MTL_ENABLE_DEBUG_INFO = YES;
				ONLY_ACTIVE_ARCH = YES;
				SDKROOT = iphoneos;
				SWIFT_OPTIMIZATION_LEVEL = "-Onone";
				TARGETED_DEVICE_FAMILY = "1,2";
			};
			name = Debug;
		};
		56403B6B1D866CA800406564 /* Release */ = {
			isa = XCBuildConfiguration;
			buildSettings = {
				ALWAYS_SEARCH_USER_PATHS = NO;
				CLANG_ANALYZER_NONNULL = YES;
				CLANG_CXX_LANGUAGE_STANDARD = "gnu++0x";
				CLANG_CXX_LIBRARY = "libc++";
				CLANG_ENABLE_MODULES = YES;
				CLANG_ENABLE_OBJC_ARC = YES;
				CLANG_WARN_BOOL_CONVERSION = YES;
				CLANG_WARN_CONSTANT_CONVERSION = YES;
				CLANG_WARN_DIRECT_OBJC_ISA_USAGE = YES_ERROR;
				CLANG_WARN_EMPTY_BODY = YES;
				CLANG_WARN_ENUM_CONVERSION = YES;
				CLANG_WARN_INT_CONVERSION = YES;
				CLANG_WARN_OBJC_ROOT_CLASS = YES_ERROR;
				CLANG_WARN_UNREACHABLE_CODE = YES;
				CLANG_WARN__DUPLICATE_METHOD_MATCH = YES;
				"CODE_SIGN_IDENTITY[sdk=iphoneos*]" = "iPhone Developer";
				COPY_PHASE_STRIP = NO;
				DEBUG_INFORMATION_FORMAT = "dwarf-with-dsym";
				ENABLE_NS_ASSERTIONS = NO;
				ENABLE_STRICT_OBJC_MSGSEND = YES;
				GCC_C_LANGUAGE_STANDARD = gnu99;
				GCC_NO_COMMON_BLOCKS = YES;
				GCC_WARN_64_TO_32_BIT_CONVERSION = YES;
				GCC_WARN_ABOUT_RETURN_TYPE = YES_ERROR;
				GCC_WARN_UNDECLARED_SELECTOR = YES;
				GCC_WARN_UNINITIALIZED_AUTOS = YES_AGGRESSIVE;
				GCC_WARN_UNUSED_FUNCTION = YES;
				GCC_WARN_UNUSED_VARIABLE = YES;
				IPHONEOS_DEPLOYMENT_TARGET = 9.3;
				MTL_ENABLE_DEBUG_INFO = NO;
				SDKROOT = iphoneos;
				TARGETED_DEVICE_FAMILY = "1,2";
				VALIDATE_PRODUCT = YES;
			};
			name = Release;
		};
		56403B6D1D866CA800406564 /* Debug */ = {
			isa = XCBuildConfiguration;
			buildSettings = {
				ASSETCATALOG_COMPILER_APPICON_NAME = AppIcon;
				CLANG_ENABLE_MODULES = YES;
				INFOPLIST_FILE = SlideDemo/Info.plist;
				IPHONEOS_DEPLOYMENT_TARGET = 8.0;
				LD_RUNPATH_SEARCH_PATHS = "$(inherited) @executable_path/Frameworks";
				PRODUCT_BUNDLE_IDENTIFIER = Charles.SlideDemo;
				PRODUCT_NAME = "$(TARGET_NAME)";
				SWIFT_OBJC_BRIDGING_HEADER = "SlideDemo/SlideDemo-Bridging-Header.h";
				SWIFT_OPTIMIZATION_LEVEL = "-Onone";
			};
			name = Debug;
		};
		56403B6E1D866CA800406564 /* Release */ = {
			isa = XCBuildConfiguration;
			buildSettings = {
				ASSETCATALOG_COMPILER_APPICON_NAME = AppIcon;
				CLANG_ENABLE_MODULES = YES;
				INFOPLIST_FILE = SlideDemo/Info.plist;
				IPHONEOS_DEPLOYMENT_TARGET = 8.0;
				LD_RUNPATH_SEARCH_PATHS = "$(inherited) @executable_path/Frameworks";
				PRODUCT_BUNDLE_IDENTIFIER = Charles.SlideDemo;
				PRODUCT_NAME = "$(TARGET_NAME)";
				SWIFT_OBJC_BRIDGING_HEADER = "SlideDemo/SlideDemo-Bridging-Header.h";
			};
			name = Release;
		};
		56403B701D866CA800406564 /* Debug */ = {
			isa = XCBuildConfiguration;
			buildSettings = {
				BUNDLE_LOADER = "$(TEST_HOST)";
				INFOPLIST_FILE = SlideDemoTests/Info.plist;
				LD_RUNPATH_SEARCH_PATHS = "$(inherited) @executable_path/Frameworks @loader_path/Frameworks";
				PRODUCT_BUNDLE_IDENTIFIER = Charles.SlideDemoTests;
				PRODUCT_NAME = "$(TARGET_NAME)";
				TEST_HOST = "$(BUILT_PRODUCTS_DIR)/SlideDemo.app/SlideDemo";
			};
			name = Debug;
		};
		56403B711D866CA800406564 /* Release */ = {
			isa = XCBuildConfiguration;
			buildSettings = {
				BUNDLE_LOADER = "$(TEST_HOST)";
				INFOPLIST_FILE = SlideDemoTests/Info.plist;
				LD_RUNPATH_SEARCH_PATHS = "$(inherited) @executable_path/Frameworks @loader_path/Frameworks";
				PRODUCT_BUNDLE_IDENTIFIER = Charles.SlideDemoTests;
				PRODUCT_NAME = "$(TARGET_NAME)";
				TEST_HOST = "$(BUILT_PRODUCTS_DIR)/SlideDemo.app/SlideDemo";
			};
			name = Release;
		};
		56403B731D866CA800406564 /* Debug */ = {
			isa = XCBuildConfiguration;
			buildSettings = {
				INFOPLIST_FILE = SlideDemoUITests/Info.plist;
				LD_RUNPATH_SEARCH_PATHS = "$(inherited) @executable_path/Frameworks @loader_path/Frameworks";
				PRODUCT_BUNDLE_IDENTIFIER = Charles.SlideDemoUITests;
				PRODUCT_NAME = "$(TARGET_NAME)";
				TEST_TARGET_NAME = SlideDemo;
			};
			name = Debug;
		};
		56403B741D866CA800406564 /* Release */ = {
			isa = XCBuildConfiguration;
			buildSettings = {
				INFOPLIST_FILE = SlideDemoUITests/Info.plist;
				LD_RUNPATH_SEARCH_PATHS = "$(inherited) @executable_path/Frameworks @loader_path/Frameworks";
				PRODUCT_BUNDLE_IDENTIFIER = Charles.SlideDemoUITests;
				PRODUCT_NAME = "$(TARGET_NAME)";
				TEST_TARGET_NAME = SlideDemo;
			};
			name = Release;
		};
/* End XCBuildConfiguration section */

/* Begin XCConfigurationList section */
		56403B3F1D866CA800406564 /* Build configuration list for PBXProject "SlideDemo" */ = {
			isa = XCConfigurationList;
			buildConfigurations = (
				56403B6A1D866CA800406564 /* Debug */,
				56403B6B1D866CA800406564 /* Release */,
			);
			defaultConfigurationIsVisible = 0;
			defaultConfigurationName = Release;
		};
		56403B6C1D866CA800406564 /* Build configuration list for PBXNativeTarget "SlideDemo" */ = {
			isa = XCConfigurationList;
			buildConfigurations = (
				56403B6D1D866CA800406564 /* Debug */,
				56403B6E1D866CA800406564 /* Release */,
			);
			defaultConfigurationIsVisible = 0;
		};
		56403B6F1D866CA800406564 /* Build configuration list for PBXNativeTarget "SlideDemoTests" */ = {
			isa = XCConfigurationList;
			buildConfigurations = (
				56403B701D866CA800406564 /* Debug */,
				56403B711D866CA800406564 /* Release */,
			);
			defaultConfigurationIsVisible = 0;
		};
		56403B721D866CA800406564 /* Build configuration list for PBXNativeTarget "SlideDemoUITests" */ = {
			isa = XCConfigurationList;
			buildConfigurations = (
				56403B731D866CA800406564 /* Debug */,
				56403B741D866CA800406564 /* Release */,
			);
			defaultConfigurationIsVisible = 0;
		};
/* End XCConfigurationList section */
	};
	rootObject = 56403B3C1D866CA800406564 /* Project object */;
}
